{
    "version": 3,
    "terraform_version": "0.10.4",
    "serial": 19,
    "lineage": "e96608d4-0af4-4449-949d-fcf053630472",
    "modules": [
        {
            "path": [
                "root"
            ],
            "outputs": {},
            "resources": {
                "aws_instance.techtest": {
                    "type": "aws_instance",
                    "depends_on": [
                        "aws_security_group.nodes-sg",
                        "module.vpc"
                    ],
                    "primary": {
                        "id": "i-08cee73dfa404c98b",
                        "attributes": {
                            "ami": "ami-674cbc1e",
                            "associate_public_ip_address": "true",
                            "availability_zone": "eu-west-1a",
                            "disable_api_termination": "false",
                            "ebs_block_device.#": "0",
                            "ebs_optimized": "false",
                            "ephemeral_block_device.#": "0",
                            "iam_instance_profile": "",
                            "id": "i-08cee73dfa404c98b",
                            "instance_state": "running",
                            "instance_type": "t2.micro",
                            "ipv6_addresses.#": "0",
                            "key_name": "fernando",
                            "monitoring": "false",
                            "network_interface.#": "0",
                            "network_interface_id": "eni-8dc2a2b2",
                            "primary_network_interface_id": "eni-8dc2a2b2",
                            "private_dns": "ip-10-0-101-64.eu-west-1.compute.internal",
                            "private_ip": "10.0.101.64",
                            "public_dns": "ec2-34-249-83-30.eu-west-1.compute.amazonaws.com",
                            "public_ip": "34.249.83.30",
                            "root_block_device.#": "1",
                            "root_block_device.0.delete_on_termination": "true",
                            "root_block_device.0.iops": "100",
                            "root_block_device.0.volume_size": "10",
                            "root_block_device.0.volume_type": "gp2",
                            "security_groups.#": "0",
                            "source_dest_check": "true",
                            "subnet_id": "subnet-b5325ffc",
                            "tags.%": "1",
                            "tags.Name": "techtest",
                            "tenancy": "default",
                            "user_data": "3b8ed2e07b1995d396610bf5db019d75b832106d",
                            "volume_tags.%": "0",
                            "vpc_security_group_ids.#": "1",
                            "vpc_security_group_ids.4163444882": "sg-458bde3d"
                        },
                        "meta": {
                            "e2bfb730-ecaa-11e6-8f88-34363bc7c4c0": {
                                "create": 600000000000,
                                "delete": 600000000000,
                                "update": 600000000000
                            },
                            "schema_version": "1"
                        },
                        "tainted": false
                    },
                    "deposed": [],
                    "provider": ""
                },
                "aws_security_group.nodes-sg": {
                    "type": "aws_security_group",
                    "depends_on": [
                        "module.vpc"
                    ],
                    "primary": {
                        "id": "sg-458bde3d",
                        "attributes": {
                            "description": "Slave Nodes Security Group",
                            "egress.#": "1",
                            "egress.482069346.cidr_blocks.#": "1",
                            "egress.482069346.cidr_blocks.0": "0.0.0.0/0",
                            "egress.482069346.from_port": "0",
                            "egress.482069346.ipv6_cidr_blocks.#": "0",
                            "egress.482069346.prefix_list_ids.#": "0",
                            "egress.482069346.protocol": "-1",
                            "egress.482069346.security_groups.#": "0",
                            "egress.482069346.self": "false",
                            "egress.482069346.to_port": "0",
                            "id": "sg-458bde3d",
                            "ingress.#": "4",
                            "ingress.1403647648.cidr_blocks.#": "1",
                            "ingress.1403647648.cidr_blocks.0": "0.0.0.0/0",
                            "ingress.1403647648.from_port": "0",
                            "ingress.1403647648.ipv6_cidr_blocks.#": "0",
                            "ingress.1403647648.protocol": "tcp",
                            "ingress.1403647648.security_groups.#": "0",
                            "ingress.1403647648.self": "false",
                            "ingress.1403647648.to_port": "65535",
                            "ingress.2491066110.cidr_blocks.#": "1",
                            "ingress.2491066110.cidr_blocks.0": "0.0.0.0/0",
                            "ingress.2491066110.from_port": "5000",
                            "ingress.2491066110.ipv6_cidr_blocks.#": "0",
                            "ingress.2491066110.protocol": "tcp",
                            "ingress.2491066110.security_groups.#": "0",
                            "ingress.2491066110.self": "false",
                            "ingress.2491066110.to_port": "5000",
                            "ingress.2541437006.cidr_blocks.#": "1",
                            "ingress.2541437006.cidr_blocks.0": "0.0.0.0/0",
                            "ingress.2541437006.from_port": "22",
                            "ingress.2541437006.ipv6_cidr_blocks.#": "0",
                            "ingress.2541437006.protocol": "tcp",
                            "ingress.2541437006.security_groups.#": "0",
                            "ingress.2541437006.self": "false",
                            "ingress.2541437006.to_port": "22",
                            "ingress.3845535157.cidr_blocks.#": "1",
                            "ingress.3845535157.cidr_blocks.0": "0.0.0.0/0",
                            "ingress.3845535157.from_port": "6000",
                            "ingress.3845535157.ipv6_cidr_blocks.#": "0",
                            "ingress.3845535157.protocol": "tcp",
                            "ingress.3845535157.security_groups.#": "0",
                            "ingress.3845535157.self": "false",
                            "ingress.3845535157.to_port": "6000",
                            "name": "test-nodes-sg",
                            "owner_id": "411946656483",
                            "tags.%": "1",
                            "tags.Name": "test-nodes-sg",
                            "vpc_id": "vpc-dd4f22ba"
                        },
                        "meta": {},
                        "tainted": false
                    },
                    "deposed": [],
                    "provider": ""
                },
                "aws_security_group_rule.nodes-sg-allow-dev": {
                    "type": "aws_security_group_rule",
                    "depends_on": [
                        "aws_security_group.nodes-sg"
                    ],
                    "primary": {
                        "id": "sgrule-1449300531",
                        "attributes": {
                            "cidr_blocks.#": "1",
                            "cidr_blocks.0": "0.0.0.0/0",
                            "from_port": "6000",
                            "id": "sgrule-1449300531",
                            "ipv6_cidr_blocks.#": "0",
                            "prefix_list_ids.#": "0",
                            "protocol": "tcp",
                            "security_group_id": "sg-458bde3d",
                            "self": "false",
                            "to_port": "6000",
                            "type": "ingress"
                        },
                        "meta": {
                            "schema_version": "2"
                        },
                        "tainted": false
                    },
                    "deposed": [],
                    "provider": ""
                },
                "aws_security_group_rule.nodes-sg-allow-prod": {
                    "type": "aws_security_group_rule",
                    "depends_on": [
                        "aws_security_group.nodes-sg"
                    ],
                    "primary": {
                        "id": "sgrule-753514319",
                        "attributes": {
                            "cidr_blocks.#": "1",
                            "cidr_blocks.0": "0.0.0.0/0",
                            "from_port": "5000",
                            "id": "sgrule-753514319",
                            "ipv6_cidr_blocks.#": "0",
                            "prefix_list_ids.#": "0",
                            "protocol": "tcp",
                            "security_group_id": "sg-458bde3d",
                            "self": "false",
                            "to_port": "5000",
                            "type": "ingress"
                        },
                        "meta": {
                            "schema_version": "2"
                        },
                        "tainted": false
                    },
                    "deposed": [],
                    "provider": ""
                },
                "aws_security_group_rule.nodes-sg-allow-ssh": {
                    "type": "aws_security_group_rule",
                    "depends_on": [
                        "aws_security_group.nodes-sg"
                    ],
                    "primary": {
                        "id": "sgrule-2836507983",
                        "attributes": {
                            "cidr_blocks.#": "1",
                            "cidr_blocks.0": "0.0.0.0/0",
                            "from_port": "22",
                            "id": "sgrule-2836507983",
                            "ipv6_cidr_blocks.#": "0",
                            "prefix_list_ids.#": "0",
                            "protocol": "tcp",
                            "security_group_id": "sg-458bde3d",
                            "self": "false",
                            "to_port": "22",
                            "type": "ingress"
                        },
                        "meta": {
                            "schema_version": "2"
                        },
                        "tainted": false
                    },
                    "deposed": [],
                    "provider": ""
                },
                "aws_security_group_rule.nodes-sg-egress": {
                    "type": "aws_security_group_rule",
                    "depends_on": [
                        "aws_security_group.nodes-sg"
                    ],
                    "primary": {
                        "id": "sgrule-1989239070",
                        "attributes": {
                            "cidr_blocks.#": "1",
                            "cidr_blocks.0": "0.0.0.0/0",
                            "from_port": "0",
                            "id": "sgrule-1989239070",
                            "ipv6_cidr_blocks.#": "0",
                            "prefix_list_ids.#": "0",
                            "protocol": "-1",
                            "security_group_id": "sg-458bde3d",
                            "self": "false",
                            "to_port": "0",
                            "type": "egress"
                        },
                        "meta": {
                            "schema_version": "2"
                        },
                        "tainted": false
                    },
                    "deposed": [],
                    "provider": ""
                }
            },
            "depends_on": []
        },
        {
            "path": [
                "root",
                "vpc"
            ],
            "outputs": {
                "database_subnets": {
                    "sensitive": false,
                    "type": "list",
                    "value": []
                },
                "default_network_acl_id": {
                    "sensitive": false,
                    "type": "string",
                    "value": "acl-accecbcb"
                },
                "default_security_group_id": {
                    "sensitive": false,
                    "type": "string",
                    "value": "sg-1889dc60"
                },
                "elasticache_subnets": {
                    "sensitive": false,
                    "type": "list",
                    "value": []
                },
                "igw_id": {
                    "sensitive": false,
                    "type": "string",
                    "value": "igw-a7f8c6c3"
                },
                "nat_eips": {
                    "sensitive": false,
                    "type": "list",
                    "value": []
                },
                "nat_eips_public_ips": {
                    "sensitive": false,
                    "type": "list",
                    "value": []
                },
                "natgw_ids": {
                    "sensitive": false,
                    "type": "list",
                    "value": []
                },
                "private_route_table_ids": {
                    "sensitive": false,
                    "type": "list",
                    "value": [
                        "rtb-7b97421d",
                        "rtb-cc9441aa",
                        "rtb-8277bde4"
                    ]
                },
                "private_subnets": {
                    "sensitive": false,
                    "type": "list",
                    "value": [
                        "subnet-b4325ffd",
                        "subnet-8d9432d6",
                        "subnet-2873e94f"
                    ]
                },
                "public_route_table_ids": {
                    "sensitive": false,
                    "type": "list",
                    "value": [
                        "rtb-8377bde5"
                    ]
                },
                "public_subnets": {
                    "sensitive": false,
                    "type": "list",
                    "value": [
                        "subnet-b5325ffc",
                        "subnet-809335db",
                        "subnet-0f70ea68"
                    ]
                },
                "vpc_cidr_block": {
                    "sensitive": false,
                    "type": "string",
                    "value": "10.0.0.0/16"
                },
                "vpc_id": {
                    "sensitive": false,
                    "type": "string",
                    "value": "vpc-dd4f22ba"
                }
            },
            "resources": {
                "aws_internet_gateway.mod": {
                    "type": "aws_internet_gateway",
                    "depends_on": [
                        "aws_vpc.mod"
                    ],
                    "primary": {
                        "id": "igw-a7f8c6c3",
                        "attributes": {
                            "id": "igw-a7f8c6c3",
                            "tags.%": "1",
                            "tags.Name": "techtest-igw",
                            "vpc_id": "vpc-dd4f22ba"
                        },
                        "meta": {},
                        "tainted": false
                    },
                    "deposed": [],
                    "provider": ""
                },
                "aws_route.public_internet_gateway": {
                    "type": "aws_route",
                    "depends_on": [
                        "aws_internet_gateway.mod",
                        "aws_route_table.public"
                    ],
                    "primary": {
                        "id": "r-rtb-8377bde51080289494",
                        "attributes": {
                            "destination_cidr_block": "0.0.0.0/0",
                            "destination_prefix_list_id": "",
                            "egress_only_gateway_id": "",
                            "gateway_id": "igw-a7f8c6c3",
                            "id": "r-rtb-8377bde51080289494",
                            "instance_id": "",
                            "instance_owner_id": "",
                            "nat_gateway_id": "",
                            "network_interface_id": "",
                            "origin": "CreateRoute",
                            "route_table_id": "rtb-8377bde5",
                            "state": "active",
                            "vpc_peering_connection_id": ""
                        },
                        "meta": {},
                        "tainted": false
                    },
                    "deposed": [],
                    "provider": ""
                },
                "aws_route_table.private.0": {
                    "type": "aws_route_table",
                    "depends_on": [
                        "aws_vpc.mod"
                    ],
                    "primary": {
                        "id": "rtb-7b97421d",
                        "attributes": {
                            "id": "rtb-7b97421d",
                            "propagating_vgws.#": "0",
                            "route.#": "0",
                            "tags.%": "1",
                            "tags.Name": "techtest-rt-private-eu-west-1a",
                            "vpc_id": "vpc-dd4f22ba"
                        },
                        "meta": {},
                        "tainted": false
                    },
                    "deposed": [],
                    "provider": ""
                },
                "aws_route_table.private.1": {
                    "type": "aws_route_table",
                    "depends_on": [
                        "aws_vpc.mod"
                    ],
                    "primary": {
                        "id": "rtb-cc9441aa",
                        "attributes": {
                            "id": "rtb-cc9441aa",
                            "propagating_vgws.#": "0",
                            "route.#": "0",
                            "tags.%": "1",
                            "tags.Name": "techtest-rt-private-eu-west-1b",
                            "vpc_id": "vpc-dd4f22ba"
                        },
                        "meta": {},
                        "tainted": false
                    },
                    "deposed": [],
                    "provider": ""
                },
                "aws_route_table.private.2": {
                    "type": "aws_route_table",
                    "depends_on": [
                        "aws_vpc.mod"
                    ],
                    "primary": {
                        "id": "rtb-8277bde4",
                        "attributes": {
                            "id": "rtb-8277bde4",
                            "propagating_vgws.#": "0",
                            "route.#": "0",
                            "tags.%": "1",
                            "tags.Name": "techtest-rt-private-eu-west-1c",
                            "vpc_id": "vpc-dd4f22ba"
                        },
                        "meta": {},
                        "tainted": false
                    },
                    "deposed": [],
                    "provider": ""
                },
                "aws_route_table.public": {
                    "type": "aws_route_table",
                    "depends_on": [
                        "aws_vpc.mod"
                    ],
                    "primary": {
                        "id": "rtb-8377bde5",
                        "attributes": {
                            "id": "rtb-8377bde5",
                            "propagating_vgws.#": "0",
                            "route.#": "1",
                            "route.68934895.cidr_block": "0.0.0.0/0",
                            "route.68934895.egress_only_gateway_id": "",
                            "route.68934895.gateway_id": "igw-a7f8c6c3",
                            "route.68934895.instance_id": "",
                            "route.68934895.ipv6_cidr_block": "",
                            "route.68934895.nat_gateway_id": "",
                            "route.68934895.network_interface_id": "",
                            "route.68934895.vpc_peering_connection_id": "",
                            "tags.%": "1",
                            "tags.Name": "techtest-rt-public",
                            "vpc_id": "vpc-dd4f22ba"
                        },
                        "meta": {},
                        "tainted": false
                    },
                    "deposed": [],
                    "provider": ""
                },
                "aws_route_table_association.private.0": {
                    "type": "aws_route_table_association",
                    "depends_on": [
                        "aws_route_table.private.*",
                        "aws_subnet.private.*"
                    ],
                    "primary": {
                        "id": "rtbassoc-0fff2e76",
                        "attributes": {
                            "id": "rtbassoc-0fff2e76",
                            "route_table_id": "rtb-7b97421d",
                            "subnet_id": "subnet-b4325ffd"
                        },
                        "meta": {},
                        "tainted": false
                    },
                    "deposed": [],
                    "provider": ""
                },
                "aws_route_table_association.private.1": {
                    "type": "aws_route_table_association",
                    "depends_on": [
                        "aws_route_table.private.*",
                        "aws_subnet.private.*"
                    ],
                    "primary": {
                        "id": "rtbassoc-0cff2e75",
                        "attributes": {
                            "id": "rtbassoc-0cff2e75",
                            "route_table_id": "rtb-cc9441aa",
                            "subnet_id": "subnet-8d9432d6"
                        },
                        "meta": {},
                        "tainted": false
                    },
                    "deposed": [],
                    "provider": ""
                },
                "aws_route_table_association.private.2": {
                    "type": "aws_route_table_association",
                    "depends_on": [
                        "aws_route_table.private.*",
                        "aws_subnet.private.*"
                    ],
                    "primary": {
                        "id": "rtbassoc-24e3325d",
                        "attributes": {
                            "id": "rtbassoc-24e3325d",
                            "route_table_id": "rtb-8277bde4",
                            "subnet_id": "subnet-2873e94f"
                        },
                        "meta": {},
                        "tainted": false
                    },
                    "deposed": [],
                    "provider": ""
                },
                "aws_route_table_association.public.0": {
                    "type": "aws_route_table_association",
                    "depends_on": [
                        "aws_route_table.public",
                        "aws_subnet.public.*"
                    ],
                    "primary": {
                        "id": "rtbassoc-8efe2ff7",
                        "attributes": {
                            "id": "rtbassoc-8efe2ff7",
                            "route_table_id": "rtb-8377bde5",
                            "subnet_id": "subnet-b5325ffc"
                        },
                        "meta": {},
                        "tainted": false
                    },
                    "deposed": [],
                    "provider": ""
                },
                "aws_route_table_association.public.1": {
                    "type": "aws_route_table_association",
                    "depends_on": [
                        "aws_route_table.public",
                        "aws_subnet.public.*"
                    ],
                    "primary": {
                        "id": "rtbassoc-19e23360",
                        "attributes": {
                            "id": "rtbassoc-19e23360",
                            "route_table_id": "rtb-8377bde5",
                            "subnet_id": "subnet-809335db"
                        },
                        "meta": {},
                        "tainted": false
                    },
                    "deposed": [],
                    "provider": ""
                },
                "aws_route_table_association.public.2": {
                    "type": "aws_route_table_association",
                    "depends_on": [
                        "aws_route_table.public",
                        "aws_subnet.public.*"
                    ],
                    "primary": {
                        "id": "rtbassoc-7ee23307",
                        "attributes": {
                            "id": "rtbassoc-7ee23307",
                            "route_table_id": "rtb-8377bde5",
                            "subnet_id": "subnet-0f70ea68"
                        },
                        "meta": {},
                        "tainted": false
                    },
                    "deposed": [],
                    "provider": ""
                },
                "aws_subnet.private.0": {
                    "type": "aws_subnet",
                    "depends_on": [
                        "aws_vpc.mod"
                    ],
                    "primary": {
                        "id": "subnet-b4325ffd",
                        "attributes": {
                            "assign_ipv6_address_on_creation": "false",
                            "availability_zone": "eu-west-1a",
                            "cidr_block": "10.0.1.0/24",
                            "id": "subnet-b4325ffd",
                            "map_public_ip_on_launch": "false",
                            "tags.%": "1",
                            "tags.Name": "techtest-subnet-private-eu-west-1a",
                            "vpc_id": "vpc-dd4f22ba"
                        },
                        "meta": {
                            "schema_version": "1"
                        },
                        "tainted": false
                    },
                    "deposed": [],
                    "provider": ""
                },
                "aws_subnet.private.1": {
                    "type": "aws_subnet",
                    "depends_on": [
                        "aws_vpc.mod"
                    ],
                    "primary": {
                        "id": "subnet-8d9432d6",
                        "attributes": {
                            "assign_ipv6_address_on_creation": "false",
                            "availability_zone": "eu-west-1b",
                            "cidr_block": "10.0.2.0/24",
                            "id": "subnet-8d9432d6",
                            "map_public_ip_on_launch": "false",
                            "tags.%": "1",
                            "tags.Name": "techtest-subnet-private-eu-west-1b",
                            "vpc_id": "vpc-dd4f22ba"
                        },
                        "meta": {
                            "schema_version": "1"
                        },
                        "tainted": false
                    },
                    "deposed": [],
                    "provider": ""
                },
                "aws_subnet.private.2": {
                    "type": "aws_subnet",
                    "depends_on": [
                        "aws_vpc.mod"
                    ],
                    "primary": {
                        "id": "subnet-2873e94f",
                        "attributes": {
                            "assign_ipv6_address_on_creation": "false",
                            "availability_zone": "eu-west-1c",
                            "cidr_block": "10.0.3.0/24",
                            "id": "subnet-2873e94f",
                            "map_public_ip_on_launch": "false",
                            "tags.%": "1",
                            "tags.Name": "techtest-subnet-private-eu-west-1c",
                            "vpc_id": "vpc-dd4f22ba"
                        },
                        "meta": {
                            "schema_version": "1"
                        },
                        "tainted": false
                    },
                    "deposed": [],
                    "provider": ""
                },
                "aws_subnet.public.0": {
                    "type": "aws_subnet",
                    "depends_on": [
                        "aws_vpc.mod"
                    ],
                    "primary": {
                        "id": "subnet-b5325ffc",
                        "attributes": {
                            "assign_ipv6_address_on_creation": "false",
                            "availability_zone": "eu-west-1a",
                            "cidr_block": "10.0.101.0/24",
                            "id": "subnet-b5325ffc",
                            "map_public_ip_on_launch": "true",
                            "tags.%": "1",
                            "tags.Name": "techtest-subnet-public-eu-west-1a",
                            "vpc_id": "vpc-dd4f22ba"
                        },
                        "meta": {
                            "schema_version": "1"
                        },
                        "tainted": false
                    },
                    "deposed": [],
                    "provider": ""
                },
                "aws_subnet.public.1": {
                    "type": "aws_subnet",
                    "depends_on": [
                        "aws_vpc.mod"
                    ],
                    "primary": {
                        "id": "subnet-809335db",
                        "attributes": {
                            "assign_ipv6_address_on_creation": "false",
                            "availability_zone": "eu-west-1b",
                            "cidr_block": "10.0.102.0/24",
                            "id": "subnet-809335db",
                            "map_public_ip_on_launch": "true",
                            "tags.%": "1",
                            "tags.Name": "techtest-subnet-public-eu-west-1b",
                            "vpc_id": "vpc-dd4f22ba"
                        },
                        "meta": {
                            "schema_version": "1"
                        },
                        "tainted": false
                    },
                    "deposed": [],
                    "provider": ""
                },
                "aws_subnet.public.2": {
                    "type": "aws_subnet",
                    "depends_on": [
                        "aws_vpc.mod"
                    ],
                    "primary": {
                        "id": "subnet-0f70ea68",
                        "attributes": {
                            "assign_ipv6_address_on_creation": "false",
                            "availability_zone": "eu-west-1c",
                            "cidr_block": "10.0.103.0/24",
                            "id": "subnet-0f70ea68",
                            "map_public_ip_on_launch": "true",
                            "tags.%": "1",
                            "tags.Name": "techtest-subnet-public-eu-west-1c",
                            "vpc_id": "vpc-dd4f22ba"
                        },
                        "meta": {
                            "schema_version": "1"
                        },
                        "tainted": false
                    },
                    "deposed": [],
                    "provider": ""
                },
                "aws_vpc.mod": {
                    "type": "aws_vpc",
                    "depends_on": [],
                    "primary": {
                        "id": "vpc-dd4f22ba",
                        "attributes": {
                            "assign_generated_ipv6_cidr_block": "false",
                            "cidr_block": "10.0.0.0/16",
                            "default_network_acl_id": "acl-accecbcb",
                            "default_route_table_id": "rtb-bf9742d9",
                            "default_security_group_id": "sg-1889dc60",
                            "dhcp_options_id": "dopt-206aad47",
                            "enable_classiclink": "false",
                            "enable_classiclink_dns_support": "false",
                            "enable_dns_hostnames": "true",
                            "enable_dns_support": "true",
                            "id": "vpc-dd4f22ba",
                            "instance_tenancy": "default",
                            "main_route_table_id": "rtb-bf9742d9",
                            "tags.%": "1",
                            "tags.Name": "techtest"
                        },
                        "meta": {
                            "schema_version": "1"
                        },
                        "tainted": false
                    },
                    "deposed": [],
                    "provider": ""
                },
                "data.aws_vpc_endpoint_service.dynamodb": {
                    "type": "aws_vpc_endpoint_service",
                    "depends_on": [],
                    "primary": {
                        "id": "3674500381",
                        "attributes": {
                            "id": "3674500381",
                            "service": "dynamodb",
                            "service_name": "com.amazonaws.eu-west-1.dynamodb"
                        },
                        "meta": {},
                        "tainted": false
                    },
                    "deposed": [],
                    "provider": ""
                },
                "data.aws_vpc_endpoint_service.s3": {
                    "type": "aws_vpc_endpoint_service",
                    "depends_on": [],
                    "primary": {
                        "id": "3917145344",
                        "attributes": {
                            "id": "3917145344",
                            "service": "s3",
                            "service_name": "com.amazonaws.eu-west-1.s3"
                        },
                        "meta": {},
                        "tainted": false
                    },
                    "deposed": [],
                    "provider": ""
                }
            },
            "depends_on": []
        }
    ]
}
